// !$*UTF8*$!
{
	archiveVersion = 1;
	classes = {
	};
	objectVersion = 46;
	objects = {

/* Begin PBXBuildFile section */
		DDDF72D21EC6A266003ED5C9 /* AppDelegate.swift in Sources */ = {isa = PBXBuildFile; fileRef = DDDF72D11EC6A266003ED5C9 /* AppDelegate.swift */; };
		DDDF72D41EC6A266003ED5C9 /* ViewController.swift in Sources */ = {isa = PBXBuildFile; fileRef = DDDF72D31EC6A266003ED5C9 /* ViewController.swift */; };
		DDDF72D61EC6A266003ED5C9 /* Assets.xcassets in Resources */ = {isa = PBXBuildFile; fileRef = DDDF72D51EC6A266003ED5C9 /* Assets.xcassets */; };
		DDDF72D91EC6A266003ED5C9 /* Main.storyboard in Resources */ = {isa = PBXBuildFile; fileRef = DDDF72D71EC6A266003ED5C9 /* Main.storyboard */; };
/* End PBXBuildFile section */

/* Begin PBXFileReference section */
		DDDF72CE1EC6A266003ED5C9 /* weathermon.app */ = {isa = PBXFileReference; explicitFileType = wrapper.application; includeInIndex = 0; path = weathermon.app; sourceTree = BUILT_PRODUCTS_DIR; };
		DDDF72D11EC6A266003ED5C9 /* AppDelegate.swift */ = {isa = PBXFileReference; lastKnownFileType = sourcecode.swift; path = AppDelegate.swift; sourceTree = "<group>"; };
		DDDF72D31EC6A266003ED5C9 /* ViewController.swift */ = {isa = PBXFileReference; lastKnownFileType = sourcecode.swift; path = ViewController.swift; sourceTree = "<group>"; };
		DDDF72D51EC6A266003ED5C9 /* Assets.xcassets */ = {isa = PBXFileReference; lastKnownFileType = folder.assetcatalog; path = Assets.xcassets; sourceTree = "<group>"; };
		DDDF72D81EC6A266003ED5C9 /* Base */ = {isa = PBXFileReference; lastKnownFileType = file.storyboard; name = Base; path = Base.lproj/Main.storyboard; sourceTree = "<group>"; };
		DDDF72DA1EC6A266003ED5C9 /* Info.plist */ = {isa = PBXFileReference; lastKnownFileType = text.plist.xml; path = Info.plist; sourceTree = "<group>"; };
/* End PBXFileReference section */

/* Begin PBXFrameworksBuildPhase section */
		DDDF72CB1EC6A266003ED5C9 /* Frameworks */ = {
			isa = PBXFrameworksBuildPhase;
			buildActionMask = 2147483647;
			files = (
			);
			runOnlyForDeploymentPostprocessing = 0;
		};
/* End PBXFrameworksBuildPhase section */

/* Begin PBXGroup section */
		DDDF72C51EC6A266003ED5C9 = {
			isa = PBXGroup;
			children = (
				DDDF72D01EC6A266003ED5C9 /* weathermon */,
				DDDF72CF1EC6A266003ED5C9 /* Products */,
			);
			sourceTree = "<group>";
		};
		DDDF72CF1EC6A266003ED5C9 /* Products */ = {
			isa = PBXGroup;
			children = (
				DDDF72CE1EC6A266003ED5C9 /* weathermon.app */,
			);
			name = Products;
			sourceTree = "<group>";
		};
		DDDF72D01EC6A266003ED5C9 /* weathermon */ = {
			isa = PBXGroup;
			children = (
				DDDF72D11EC6A266003ED5C9 /* AppDelegate.swift */,
				DDDF72D31EC6A266003ED5C9 /* ViewController.swift */,
				DDDF72D51EC6A266003ED5C9 /* Assets.xcassets */,
				DDDF72D71EC6A266003ED5C9 /* Main.storyboard */,
				DDDF72DA1EC6A266003ED5C9 /* Info.plist */,
			);
			path = weathermon;
			sourceTree = "<group>";
		};
/* End PBXGroup section */

/* Begin PBXNativeTarget section */
		DDDF72CD1EC6A266003ED5C9 /* weathermon */ = {
			isa = PBXNativeTarget;
			buildConfigurationList = DDDF72DD1EC6A266003ED5C9 /* Build configuration list for PBXNativeTarget "weathermon" */;
			buildPhases = (
				DDDF72CA1EC6A266003ED5C9 /* Sources */,
				DDDF72CB1EC6A266003ED5C9 /* Frameworks */,
				DDDF72CC1EC6A266003ED5C9 /* Resources */,
			);
			buildRules = (
			);
			dependencies = (
			);
			name = weathermon;
			productName = weathermon;
			productReference = DDDF72CE1EC6A266003ED5C9 /* weathermon.app */;
			productType = "com.apple.product-type.application";
		};
/* End PBXNativeTarget section */

/* Begin PBXProject section */
		DDDF72C61EC6A266003ED5C9 /* Project object */ = {
			isa = PBXProject;
			attributes = {
				LastSwiftUpdateCheck = 0830;
				LastUpgradeCheck = 0830;
				ORGANIZATIONNAME = jonas;
				TargetAttributes = {
					DDDF72CD1EC6A266003ED5C9 = {
						CreatedOnToolsVersion = 8.3.2;
						ProvisioningStyle = Automatic;
					};
				};
			};
			buildConfigurationList = DDDF72C91EC6A266003ED5C9 /* Build configuration list for PBXProject "weathermon" */;
			compatibilityVersion = "Xcode 3.2";
			developmentRegion = English;
			hasScannedForEncodings = 0;
			knownRegions = (
				en,
				Base,
			);
			mainGroup = DDDF72C51EC6A266003ED5C9;
			productRefGroup = DDDF72CF1EC6A266003ED5C9 /* Products */;
			projectDirPath = "";
			projectRoot = "";
			targets = (
				DDDF72CD1EC6A266003ED5C9 /* weathermon */,
			);
		};
/* End PBXProject section */

/* Begin PBXResourcesBuildPhase section */
		DDDF72CC1EC6A266003ED5C9 /* Resources */ = {
			isa = PBXResourcesBuildPhase;
			buildActionMask = 2147483647;
			files = (
				DDDF72D61EC6A266003ED5C9 /* Assets.xcassets in Resources */,
				DDDF72D91EC6A266003ED5C9 /* Main.storyboard in Resources */,
			);
			runOnlyForDeploymentPostprocessing = 0;
		};
/* End PBXResourcesBuildPhase section */

/* Begin PBXSourcesBuildPhase section */
		DDDF72CA1EC6A266003ED5C9 /* Sources */ = {
			isa = PBXSourcesBuildPhase;
			buildActionMask = 2147483647;
			files = (
				DDDF72D41EC6A266003ED5C9 /* ViewController.swift in Sources */,
				DDDF72D21EC6A266003ED5C9 /* AppDelegate.swift in Sources */,
			);
			runOnlyForDeploymentPostprocessing = 0;
		};
/* End PBXSourcesBuildPhase section */

/* Begin PBXVariantGroup section */
		DDDF72D71EC6A266003ED5C9 /* Main.storyboard */ = {
			isa = PBXVariantGroup;
			children = (
				DDDF72D81EC6A266003ED5C9 /* Base */,
			);
			name = Main.storyboard;
			sourceTree = "<group>";
		};
/* End PBXVariantGroup section */

/* Begin XCBuildConfiguration section */
		DDDF72DB1EC6A266003ED5C9 /* Debug */ = {
			isa = XCBuildConfiguration;
			buildSettings = {
				ALWAYS_SEARCH_USER_PATHS = NO;
				CLANG_ANALYZER_NONNULL = YES;
				CLANG_ANALYZER_NUMBER_OBJECT_CONVERSION = YES_AGGRESSIVE;
				CLANG_CXX_LANGUAGE_STANDARD = "gnu++0x";
				CLANG_CXX_LIBRARY = "libc++";
				CLANG_ENABLE_MODULES = YES;
				CLANG_ENABLE_OBJC_ARC = YES;
				CLANG_WARN_BOOL_CONVERSION = YES;
				CLANG_WARN_CONSTANT_CONVERSION = YES;
				CLANG_WARN_DIRECT_OBJC_ISA_USAGE = YES_ERROR;
				CLANG_WARN_DOCUMENTATION_COMMENTS = YES;
				CLANG_WARN_EMPTY_BODY = YES;
				CLANG_WARN_ENUM_CONVERSION = YES;
				CLANG_WARN_INFINITE_RECURSION = YES;
				CLANG_WARN_INT_CONVERSION = YES;
				CLANG_WARN_OBJC_ROOT_CLASS = YES_ERROR;
				CLANG_WARN_SUSPICIOUS_MOVE = YES;
				CLANG_WARN_UNREACHABLE_CODE = YES;
				CLANG_WARN__DUPLICATE_METHOD_MATCH = YES;
				CODE_SIGN_IDENTITY = "-";
				COPY_PHASE_STRIP = NO;
				DEBUG_INFORMATION_FORMAT = dwarf;
				ENABLE_STRICT_OBJC_MSGSEND = YES;
				ENABLE_TESTABILITY = YES;
				GCC_C_LANGUAGE_STANDARD = gnu99;
				GCC_DYNAMIC_NO_PIC = NO;
				GCC_NO_COMMON_BLOCKS = YES;
				GCC_OPTIMIZATION_LEVEL = 0;
				GCC_PREPROCESSOR_DEFINITIONS = (
					"DEBUG=1",
					"$(inherited)",
				);
				GCC_WARN_64_TO_32_BIT_CONVERSION = YES;
				GCC_WARN_ABOUT_RETURN_TYPE = YES_ERROR;
				GCC_WARN_UNDECLARED_SELECTOR = YES;
				GCC_WARN_UNINITIALIZED_AUTOS = YES_AGGRESSIVE;
				GCC_WARN_UNUSED_FUNCTION = YES;
				GCC_WARN_UNUSED_VARIABLE = YES;
				MACOSX_DEPLOYMENT_TARGET = 10.12;
				MTL_ENABLE_DEBUG_INFO = YES;
				ONLY_ACTIVE_ARCH = YES;
				SDKROOT = macosx;
				SWIFT_ACTIVE_COMPILATION_CONDITIONS = DEBUG;
				SWIFT_OPTIMIZATION_LEVEL = "-Onone";
			};
			name = Debug;
		};
		DDDF72DC1EC6A266003ED5C9 /* Release */ = {
			isa = XCBuildConfiguration;
			buildSettings = {
				ALWAYS_SEARCH_USER_PATHS = NO;
				CLANG_ANALYZER_NONNULL = YES;
				CLANG_ANALYZER_NUMBER_OBJECT_CONVERSION = YES_AGGRESSIVE;
				CLANG_CXX_LANGUAGE_STANDARD = "gnu++0x";
				CLANG_CXX_LIBRARY = "libc++";
				CLANG_ENABLE_MODULES = YES;
				CLANG_ENABLE_OBJC_ARC = YES;
				CLANG_WARN_BOOL_CONVERSION = YES;
				CLANG_WARN_CONSTANT_CONVERSION = YES;
				CLANG_WARN_DIRECT_OBJC_ISA_USAGE = YES_ERROR;
				CLANG_WARN_DOCUMENTATION_COMMENTS = YES;
				CLANG_WARN_EMPTY_BODY = YES;
				CLANG_WARN_ENUM_CONVERSION = YES;
				CLANG_WARN_INFINITE_RECURSION = YES;
				CLANG_WARN_INT_CONVERSION = YES;
				CLANG_WARN_OBJC_ROOT_CLASS = YES_ERROR;
				CLANG_WARN_SUSPICIOUS_MOVE = YES;
				CLANG_WARN_UNREACHABLE_CODE = YES;
				CLANG_WARN__DUPLICATE_METHOD_MATCH = YES;
				CODE_SIGN_IDENTITY = "-";
				COPY_PHASE_STRIP = NO;
				DEBUG_INFORMATION_FORMAT = "dwarf-with-dsym";
				ENABLE_NS_ASSERTIONS = NO;
				ENABLE_STRICT_OBJC_MSGSEND = YES;
				GCC_C_LANGUAGE_STANDARD = gnu99;
				GCC_NO_COMMON_BLOCKS = YES;
				GCC_WARN_64_TO_32_BIT_CONVERSION = YES;
				GCC_WARN_ABOUT_RETURN_TYPE = YES_ERROR;
				GCC_WARN_UNDECLARED_SELECTOR = YES;
				GCC_WARN_UNINITIALIZED_AUTOS = YES_AGGRESSIVE;
				GCC_WARN_UNUSED_FUNCTION = YES;
				GCC_WARN_UNUSED_VARIABLE = YES;
				MACOSX_DEPLOYMENT_TARGET = 10.12;
				MTL_ENABLE_DEBUG_INFO = NO;
				SDKROOT = macosx;
				SWIFT_OPTIMIZATION_LEVEL = "-Owholemodule";
			};
			name = Release;
		};
		DDDF72DE1EC6A266003ED5C9 /* Debug */ = {
			isa = XCBuildConfiguration;
			buildSettings = {
				ASSETCATALOG_COMPILER_APPICON_NAME = AppIcon;
				COMBINE_HIDPI_IMAGES = YES;
				INFOPLIST_FILE = weathermon/Info.plist;
				LD_RUNPATH_SEARCH_PATHS = "$(inherited) @executable_path/../Frameworks";
				PRODUCT_BUNDLE_IDENTIFIER = jonas.weathermon;
				PRODUCT_NAME = "$(TARGET_NAME)";
				SWIFT_VERSION = 3.0;
			};
			name = Debug;
		};
		DDDF72DF1EC6A266003ED5C9 /* Release */ = {
			isa = XCBuildConfiguration;
			buildSettings = {
				ASSETCATALOG_COMPILER_APPICON_NAME = AppIcon;
				COMBINE_HIDPI_IMAGES = YES;
				INFOPLIST_FILE = weathermon/Info.plist;
				LD_RUNPATH_SEARCH_PATHS = "$(inherited) @executable_path/../Frameworks";
				PRODUCT_BUNDLE_IDENTIFIER = jonas.weathermon;
				PRODUCT_NAME = "$(TARGET_NAME)";
				SWIFT_VERSION = 3.0;
			};
			name = Release;
		};
/* End XCBuildConfiguration section */

/* Begin XCConfigurationList section */
		DDDF72C91EC6A266003ED5C9 /* Build configuration list for PBXProject "weathermon" */ = {
			isa = XCConfigurationList;
			buildConfigurations = (
				DDDF72DB1EC6A266003ED5C9 /* Debug */,
				DDDF72DC1EC6A266003ED5C9 /* Release */,
			);
			defaultConfigurationIsVisible = 0;
			defaultConfigurationName = Release;
		};
		DDDF72DD1EC6A266003ED5C9 /* Build configuration list for PBXNativeTarget "weathermon" */ = {
			isa = XCConfigurationList;
			buildConfigurations = (
				DDDF72DE1EC6A266003ED5C9 /* Debug */,
				DDDF72DF1EC6A266003ED5C9 /* Release */,
			);
			defaultConfigurationIsVisible = 0;
		};
/* End XCConfigurationList section */
	};
	rootObject = DDDF72C61EC6A266003ED5C9 /* Project object */;
}
